
Microsoft Visual Studio Solution File, Format Version 12.00
# Visual Studio Version 17
VisualStudioVersion = 17.4.33213.308
MinimumVisualStudioVersion = 10.0.40219.1
Project("{FAE04EC0-301F-11D3-BF4B-00C04F79EFBC}") = "InnLibrary", "InnLibrary\InnLibrary.csproj", "{BF3B8C9C-58A8-4E9C-A349-58E13BC8D336}"
EndProject
Project("{FAE04EC0-301F-11D3-BF4B-00C04F79EFBC}") = "InnLibraryTests", "InnLibraryTests\InnLibraryTests.csproj", "{98069A11-567D-4C59-AF48-D2132AD6A111}"
EndProject
Global
	GlobalSection(SolutionConfigurationPlatforms) = preSolution
		Debug|Any CPU = Debug|Any CPU
		Release|Any CPU = Release|Any CPU
	EndGlobalSection
	GlobalSection(ProjectConfigurationPlatforms) = postSolution
		{BF3B8C9C-58A8-4E9C-A349-58E13BC8D336}.Debug|Any CPU.ActiveCfg = Debug|Any CPU
		{BF3B8C9C-58A8-4E9C-A349-58E13BC8D336}.Debug|Any CPU.Build.0 = Debug|Any CPU
		{BF3B8C9C-58A8-4E9C-A349-58E13BC8D336}.Release|Any CPU.ActiveCfg = Release|Any CPU
		{BF3B8C9C-58A8-4E9C-A349-58E13BC8D336}.Release|Any CPU.Build.0 = Release|Any CPU
		{98069A11-567D-4C59-AF48-D2132AD6A111}.Debug|Any CPU.ActiveCfg = Debug|Any CPU
		{98069A11-567D-4C59-AF48-D2132AD6A111}.Debug|Any CPU.Build.0 = Debug|Any CPU
		{98069A11-567D-4C59-AF48-D2132AD6A111}.Release|Any CPU.ActiveCfg = Release|Any CPU
		{98069A11-567D-4C59-AF48-D2132AD6A111}.Release|Any CPU.Build.0 = Release|Any CPU
	EndGlobalSection
	GlobalSection(SolutionProperties) = preSolution
		HideSolutionNode = FALSE
	EndGlobalSection
	GlobalSection(ExtensibilityGlobals) = postSolution
		SolutionGuid = {13C078BD-B43B-41AC-BC50-387A5DB57CD5}
	EndGlobalSection
EndGlobal
